
Microsoft Visual Studio Solution File, Format Version 12.00
# Visual Studio Version 17
VisualStudioVersion = 17.0.31903.59
MinimumVisualStudioVersion = 10.0.40219.1
Project("{FAE04EC0-301F-11D3-BF4B-00C04F79EFBC}") = "backendLogic", "backendLogic\backendLogic.csproj", "{AC0462EA-6022-485D-AF1B-4C40ABD441F8}"
EndProject
Project("{FAE04EC0-301F-11D3-BF4B-00C04F79EFBC}") = "ProjectFinder", "ProjectFinder\ProjectFinder.csproj", "{8BCEE104-9758-425C-BFA6-302A0F3159F3}"
EndProject
Global
	GlobalSection(SolutionConfigurationPlatforms) = preSolution
		Debug|Any CPU = Debug|Any CPU
		Release|Any CPU = Release|Any CPU
	EndGlobalSection
	GlobalSection(ProjectConfigurationPlatforms) = postSolution
		{AC0462EA-6022-485D-AF1B-4C40ABD441F8}.Debug|Any CPU.ActiveCfg = Debug|Any CPU
		{AC0462EA-6022-485D-AF1B-4C40ABD441F8}.Debug|Any CPU.Build.0 = Debug|Any CPU
		{AC0462EA-6022-485D-AF1B-4C40ABD441F8}.Release|Any CPU.ActiveCfg = Release|Any CPU
		{AC0462EA-6022-485D-AF1B-4C40ABD441F8}.Release|Any CPU.Build.0 = Release|Any CPU
		{8BCEE104-9758-425C-BFA6-302A0F3159F3}.Debug|Any CPU.ActiveCfg = Debug|Any CPU
		{8BCEE104-9758-425C-BFA6-302A0F3159F3}.Debug|Any CPU.Build.0 = Debug|Any CPU
		{8BCEE104-9758-425C-BFA6-302A0F3159F3}.Release|Any CPU.ActiveCfg = Release|Any CPU
		{8BCEE104-9758-425C-BFA6-302A0F3159F3}.Release|Any CPU.Build.0 = Release|Any CPU
	EndGlobalSection
	GlobalSection(SolutionProperties) = preSolution
		HideSolutionNode = FALSE
	EndGlobalSection
EndGlobal
